{
  "name": "pg-wasm-app",
  "version": "1.0.0",
  "lockfileVersion": 2,
  "requires": true,
  "packages": {
    "": {
      "name": "pg-wasm-app",
      "version": "1.0.0",
      "license": "MIT",
      "dependencies": {
        "@types/xterm": "^3.0.0",
        "ansi-colors": "^4.1.3",
        "ansi-escape-sequences": "^6.2.1",
        "re-resizable": "^6.9.9",
        "react": "^18.1.0",
        "react-dom": "^18.1.0",
        "react-resize-observer": "^1.1.1",
        "xterm": "^4.18.0",
        "xterm-addon-fit": "^0.5.0"
      },
      "devDependencies": {
        "@types/ansi-escape-sequences": "^4.0.0",
        "@types/react": "^18.0.12",
        "@types/react-dom": "^18.0.5",
        "esbuild": "^0.14.43",
        "typescript": "^4.7.3"
      }
    },
    "node_modules/@types/ansi-escape-sequences": {
      "version": "4.0.0",
      "resolved": "https://registry.npmjs.org/@types/ansi-escape-sequences/-/ansi-escape-sequences-4.0.0.tgz",
      "integrity": "sha512-y9KJUf19SBowoaqhWdQNnErxFMNsKbuair2i3SGv5Su1ExLPAJz37iPXLHKIFQGYkHGxsSe45rNt8ZekXxJwUw==",
      "dev": true
    },
    "node_modules/@types/prop-types": {
      "version": "15.7.5",
      "resolved": "https://registry.npmjs.org/@types/prop-types/-/prop-types-15.7.5.tgz",
      "integrity": "sha512-JCB8C6SnDoQf0cNycqd/35A7MjcnK+ZTqE7judS6o7utxUCg6imJg3QK2qzHKszlTjcj2cn+NwMB2i96ubpj7w==",
      "dev": true,
      "license": "MIT"
    },
    "node_modules/@types/react": {
      "version": "18.0.12",
      "resolved": "https://registry.npmjs.org/@types/react/-/react-18.0.12.tgz",
      "integrity": "sha512-duF1OTASSBQtcigUvhuiTB1Ya3OvSy+xORCiEf20H0P0lzx+/KeVsA99U5UjLXSbyo1DRJDlLKqTeM1ngosqtg==",
      "dev": true,
      "license": "MIT",
      "dependencies": {
        "@types/prop-types": "*",
        "@types/scheduler": "*",
        "csstype": "^3.0.2"
      }
    },
    "node_modules/@types/react-dom": {
      "version": "18.0.5",
      "resolved": "https://registry.npmjs.org/@types/react-dom/-/react-dom-18.0.5.tgz",
      "integrity": "sha512-OWPWTUrY/NIrjsAPkAk1wW9LZeIjSvkXRhclsFO8CZcZGCOg2G0YZy4ft+rOyYxy8B7ui5iZzi9OkDebZ7/QSA==",
      "dev": true,
      "license": "MIT",
      "dependencies": {
        "@types/react": "*"
      }
    },
    "node_modules/@types/scheduler": {
      "version": "0.16.2",
      "resolved": "https://registry.npmjs.org/@types/scheduler/-/scheduler-0.16.2.tgz",
      "integrity": "sha512-hppQEBDmlwhFAXKJX2KnWLYu5yMfi91yazPb2l+lbJiwW+wdo1gNeRA+3RgNSO39WYX2euey41KEwnqesU2Jew==",
      "dev": true,
      "license": "MIT"
    },
    "node_modules/@types/xterm": {
      "version": "3.0.0",
      "resolved": "https://registry.npmjs.org/@types/xterm/-/xterm-3.0.0.tgz",
      "integrity": "sha512-+VaAJQmE7E1d1ebkIh/Zdc2mbXBVwxZGGSgqwzDPpk/HKo0mNT+iX5ZrnswztHSV+CDV+bURl7Yg7PWF7IZfXQ==",
      "license": "MIT",
      "dependencies": {
        "xterm": "*"
      }
    },
    "node_modules/ansi-colors": {
      "version": "4.1.3",
      "resolved": "https://registry.npmjs.org/ansi-colors/-/ansi-colors-4.1.3.tgz",
      "integrity": "sha512-/6w/C21Pm1A7aZitlI5Ni/2J6FFQN8i1Cvz3kHABAAbw93v/NlvKdVOqz7CCWz/3iv/JplRSEEZ83XION15ovw==",
      "license": "MIT",
      "engines": {
        "node": ">=6"
      }
    },
    "node_modules/ansi-escape-sequences": {
      "version": "6.2.1",
      "resolved": "https://registry.npmjs.org/ansi-escape-sequences/-/ansi-escape-sequences-6.2.1.tgz",
      "integrity": "sha512-0gK95MrLXv+Vy5h4eKGvSX1yXopBqSYBi3/w4hekUxs/hHakF6asH9Gg7UXbb7IH9weAlVIrUzVOITNBr8Imag==",
      "license": "MIT",
      "dependencies": {
        "array-back": "^6.2.2"
      },
      "engines": {
        "node": ">=12.17"
      }
    },
    "node_modules/array-back": {
      "version": "6.2.2",
      "resolved": "https://registry.npmjs.org/array-back/-/array-back-6.2.2.tgz",
      "integrity": "sha512-gUAZ7HPyb4SJczXAMUXMGAvI976JoK3qEx9v1FTmeYuJj0IBiaKttG1ydtGKdkfqWkIkouke7nG8ufGy77+Cvw==",
      "license": "MIT",
      "engines": {
        "node": ">=12.17"
      }
    },
    "node_modules/csstype": {
      "version": "3.1.0",
      "resolved": "https://registry.npmjs.org/csstype/-/csstype-3.1.0.tgz",
      "integrity": "sha512-uX1KG+x9h5hIJsaKR9xHUeUraxf8IODOwq9JLNPq6BwB04a/xgpq3rcx47l5BZu5zBPlgD342tdke3Hom/nJRA==",
      "dev": true,
      "license": "MIT"
    },
    "node_modules/esbuild": {
      "version": "0.14.43",
      "resolved": "https://registry.npmjs.org/esbuild/-/esbuild-0.14.43.tgz",
      "integrity": "sha512-Uf94+kQmy/5jsFwKWiQB4hfo/RkM9Dh7b79p8yqd1tshULdr25G2szLz631NoH3s2ujnKEKVD16RmOxvCNKRFA==",
      "dev": true,
      "hasInstallScript": true,
      "license": "MIT",
      "bin": {
        "esbuild": "bin/esbuild"
      },
      "engines": {
        "node": ">=12"
      },
      "optionalDependencies": {
        "esbuild-android-64": "0.14.43",
        "esbuild-android-arm64": "0.14.43",
        "esbuild-darwin-64": "0.14.43",
        "esbuild-darwin-arm64": "0.14.43",
        "esbuild-freebsd-64": "0.14.43",
        "esbuild-freebsd-arm64": "0.14.43",
        "esbuild-linux-32": "0.14.43",
        "esbuild-linux-64": "0.14.43",
        "esbuild-linux-arm": "0.14.43",
        "esbuild-linux-arm64": "0.14.43",
        "esbuild-linux-mips64le": "0.14.43",
        "esbuild-linux-ppc64le": "0.14.43",
        "esbuild-linux-riscv64": "0.14.43",
        "esbuild-linux-s390x": "0.14.43",
        "esbuild-netbsd-64": "0.14.43",
        "esbuild-openbsd-64": "0.14.43",
        "esbuild-sunos-64": "0.14.43",
        "esbuild-windows-32": "0.14.43",
        "esbuild-windows-64": "0.14.43",
        "esbuild-windows-arm64": "0.14.43"
      }
    },
    "node_modules/esbuild-darwin-64": {
      "version": "0.14.43",
      "resolved": "https://registry.npmjs.org/esbuild-darwin-64/-/esbuild-darwin-64-0.14.43.tgz",
      "integrity": "sha512-/3PSilx011ttoieRGkSZ0XV8zjBf2C9enV4ScMMbCT4dpx0mFhMOpFnCHkOK0pWGB8LklykFyHrWk2z6DENVUg==",
      "cpu": [
        "x64"
      ],
      "dev": true,
      "license": "MIT",
      "optional": true,
      "os": [
        "darwin"
      ],
      "engines": {
        "node": ">=12"
      }
    },
    "node_modules/js-tokens": {
      "version": "4.0.0",
      "resolved": "https://registry.npmjs.org/js-tokens/-/js-tokens-4.0.0.tgz",
      "integrity": "sha512-RdJUflcE3cUzKiMqQgsCu06FPu9UdIJO0beYbPhHN4k6apgJtifcoCtT9bcxOpYBtpD2kCM6Sbzg4CausW/PKQ==",
      "license": "MIT"
    },
    "node_modules/loose-envify": {
      "version": "1.4.0",
      "resolved": "https://registry.npmjs.org/loose-envify/-/loose-envify-1.4.0.tgz",
      "integrity": "sha512-lyuxPGr/Wfhrlem2CL/UcnUc1zcqKAImBDzukY7Y5F/yQiNdko6+fRLevlw1HgMySw7f611UIY408EtxRSoK3Q==",
      "license": "MIT",
      "dependencies": {
        "js-tokens": "^3.0.0 || ^4.0.0"
      },
      "bin": {
        "loose-envify": "cli.js"
      }
    },
    "node_modules/re-resizable": {
      "version": "6.9.9",
      "resolved": "https://registry.npmjs.org/re-resizable/-/re-resizable-6.9.9.tgz",
      "integrity": "sha512-l+MBlKZffv/SicxDySKEEh42hR6m5bAHfNu3Tvxks2c4Ah+ldnWjfnVRwxo/nxF27SsUsxDS0raAzFuJNKABXA==",
      "license": "MIT",
      "peerDependencies": {
        "react": "^16.13.1 || ^17.0.0 || ^18.0.0",
        "react-dom": "^16.13.1 || ^17.0.0 || ^18.0.0"
      }
    },
    "node_modules/react": {
      "version": "18.1.0",
      "resolved": "https://registry.npmjs.org/react/-/react-18.1.0.tgz",
      "integrity": "sha512-4oL8ivCz5ZEPyclFQXaNksK3adutVS8l2xzZU0cqEFrE9Sb7fC0EFK5uEk74wIreL1DERyjvsU915j1pcT2uEQ==",
      "license": "MIT",
      "dependencies": {
        "loose-envify": "^1.1.0"
      },
      "engines": {
        "node": ">=0.10.0"
      }
    },
    "node_modules/react-dom": {
      "version": "18.1.0",
      "resolved": "https://registry.npmjs.org/react-dom/-/react-dom-18.1.0.tgz",
      "integrity": "sha512-fU1Txz7Budmvamp7bshe4Zi32d0ll7ect+ccxNu9FlObT605GOEB8BfO4tmRJ39R5Zj831VCpvQ05QPBW5yb+w==",
      "license": "MIT",
      "dependencies": {
        "loose-envify": "^1.1.0",
        "scheduler": "^0.22.0"
      },
      "peerDependencies": {
        "react": "^18.1.0"
      }
    },
    "node_modules/react-resize-observer": {
      "version": "1.1.1",
      "resolved": "https://registry.npmjs.org/react-resize-observer/-/react-resize-observer-1.1.1.tgz",
      "integrity": "sha512-3R+90Hou90Mr3wJYc+unsySC8Pn91V4nmjO32NKvUvjphRUbq9HisyLg7bDyGBE7xlMrrM6Fax7iNQaFdc/FYA==",
      "license": "(MIT OR CC0-1.0)",
      "peerDependencies": {
        "react": ">=0.14"
      }
    },
    "node_modules/scheduler": {
      "version": "0.22.0",
      "resolved": "https://registry.npmjs.org/scheduler/-/scheduler-0.22.0.tgz",
      "integrity": "sha512-6QAm1BgQI88NPYymgGQLCZgvep4FyePDWFpXVK+zNSUgHwlqpJy8VEh8Et0KxTACS4VWwMousBElAZOH9nkkoQ==",
      "license": "MIT",
      "dependencies": {
        "loose-envify": "^1.1.0"
      }
    },
    "node_modules/typescript": {
      "version": "4.7.3",
      "resolved": "https://registry.npmjs.org/typescript/-/typescript-4.7.3.tgz",
      "integrity": "sha512-WOkT3XYvrpXx4vMMqlD+8R8R37fZkjyLGlxavMc4iB8lrl8L0DeTcHbYgw/v0N/z9wAFsgBhcsF0ruoySS22mA==",
      "dev": true,
      "license": "Apache-2.0",
      "bin": {
        "tsc": "bin/tsc",
        "tsserver": "bin/tsserver"
      },
      "engines": {
        "node": ">=4.2.0"
      }
    },
    "node_modules/xterm": {
      "version": "4.18.0",
      "resolved": "https://registry.npmjs.org/xterm/-/xterm-4.18.0.tgz",
      "integrity": "sha512-JQoc1S0dti6SQfI0bK1AZvGnAxH4MVw45ZPFSO6FHTInAiau3Ix77fSxNx3mX4eh9OL4AYa8+4C8f5UvnSfppQ==",
      "license": "MIT"
    },
    "node_modules/xterm-addon-fit": {
      "version": "0.5.0",
      "resolved": "https://registry.npmjs.org/xterm-addon-fit/-/xterm-addon-fit-0.5.0.tgz",
      "integrity": "sha512-DsS9fqhXHacEmsPxBJZvfj2la30Iz9xk+UKjhQgnYNkrUIN5CYLbw7WEfz117c7+S86S/tpHPfvNxJsF5/G8wQ==",
      "license": "MIT",
      "peerDependencies": {
        "xterm": "^4.0.0"
      }
    }
  },
  "dependencies": {
    "@types/ansi-escape-sequences": {
      "version": "4.0.0",
      "resolved": "https://registry.npmjs.org/@types/ansi-escape-sequences/-/ansi-escape-sequences-4.0.0.tgz",
      "integrity": "sha512-y9KJUf19SBowoaqhWdQNnErxFMNsKbuair2i3SGv5Su1ExLPAJz37iPXLHKIFQGYkHGxsSe45rNt8ZekXxJwUw==",
      "dev": true
    },
    "@types/prop-types": {
      "version": "15.7.5",
      "resolved": "https://registry.npmjs.org/@types/prop-types/-/prop-types-15.7.5.tgz",
      "integrity": "sha512-JCB8C6SnDoQf0cNycqd/35A7MjcnK+ZTqE7judS6o7utxUCg6imJg3QK2qzHKszlTjcj2cn+NwMB2i96ubpj7w==",
      "dev": true
    },
    "@types/react": {
      "version": "18.0.12",
      "resolved": "https://registry.npmjs.org/@types/react/-/react-18.0.12.tgz",
      "integrity": "sha512-duF1OTASSBQtcigUvhuiTB1Ya3OvSy+xORCiEf20H0P0lzx+/KeVsA99U5UjLXSbyo1DRJDlLKqTeM1ngosqtg==",
      "dev": true,
      "requires": {
        "@types/prop-types": "*",
        "@types/scheduler": "*",
        "csstype": "^3.0.2"
      }
    },
    "@types/react-dom": {
      "version": "18.0.5",
      "resolved": "https://registry.npmjs.org/@types/react-dom/-/react-dom-18.0.5.tgz",
      "integrity": "sha512-OWPWTUrY/NIrjsAPkAk1wW9LZeIjSvkXRhclsFO8CZcZGCOg2G0YZy4ft+rOyYxy8B7ui5iZzi9OkDebZ7/QSA==",
      "dev": true,
      "requires": {
        "@types/react": "*"
      }
    },
    "@types/scheduler": {
      "version": "0.16.2",
      "resolved": "https://registry.npmjs.org/@types/scheduler/-/scheduler-0.16.2.tgz",
      "integrity": "sha512-hppQEBDmlwhFAXKJX2KnWLYu5yMfi91yazPb2l+lbJiwW+wdo1gNeRA+3RgNSO39WYX2euey41KEwnqesU2Jew==",
      "dev": true
    },
    "@types/xterm": {
      "version": "3.0.0",
      "resolved": "https://registry.npmjs.org/@types/xterm/-/xterm-3.0.0.tgz",
      "integrity": "sha512-+VaAJQmE7E1d1ebkIh/Zdc2mbXBVwxZGGSgqwzDPpk/HKo0mNT+iX5ZrnswztHSV+CDV+bURl7Yg7PWF7IZfXQ==",
      "requires": {
        "xterm": "*"
      }
    },
    "ansi-colors": {
      "version": "4.1.3",
      "resolved": "https://registry.npmjs.org/ansi-colors/-/ansi-colors-4.1.3.tgz",
      "integrity": "sha512-/6w/C21Pm1A7aZitlI5Ni/2J6FFQN8i1Cvz3kHABAAbw93v/NlvKdVOqz7CCWz/3iv/JplRSEEZ83XION15ovw=="
    },
    "ansi-escape-sequences": {
      "version": "6.2.1",
      "resolved": "https://registry.npmjs.org/ansi-escape-sequences/-/ansi-escape-sequences-6.2.1.tgz",
      "integrity": "sha512-0gK95MrLXv+Vy5h4eKGvSX1yXopBqSYBi3/w4hekUxs/hHakF6asH9Gg7UXbb7IH9weAlVIrUzVOITNBr8Imag==",
      "requires": {
        "array-back": "^6.2.2"
      }
    },
    "array-back": {
      "version": "6.2.2",
      "resolved": "https://registry.npmjs.org/array-back/-/array-back-6.2.2.tgz",
      "integrity": "sha512-gUAZ7HPyb4SJczXAMUXMGAvI976JoK3qEx9v1FTmeYuJj0IBiaKttG1ydtGKdkfqWkIkouke7nG8ufGy77+Cvw=="
    },
    "csstype": {
      "version": "3.1.0",
      "resolved": "https://registry.npmjs.org/csstype/-/csstype-3.1.0.tgz",
      "integrity": "sha512-uX1KG+x9h5hIJsaKR9xHUeUraxf8IODOwq9JLNPq6BwB04a/xgpq3rcx47l5BZu5zBPlgD342tdke3Hom/nJRA==",
      "dev": true
    },
    "esbuild": {
      "version": "0.14.43",
      "resolved": "https://registry.npmjs.org/esbuild/-/esbuild-0.14.43.tgz",
      "integrity": "sha512-Uf94+kQmy/5jsFwKWiQB4hfo/RkM9Dh7b79p8yqd1tshULdr25G2szLz631NoH3s2ujnKEKVD16RmOxvCNKRFA==",
      "dev": true,
      "requires": {
        "esbuild-android-64": "0.14.43",
        "esbuild-android-arm64": "0.14.43",
        "esbuild-darwin-64": "0.14.43",
        "esbuild-darwin-arm64": "0.14.43",
        "esbuild-freebsd-64": "0.14.43",
        "esbuild-freebsd-arm64": "0.14.43",
        "esbuild-linux-32": "0.14.43",
        "esbuild-linux-64": "0.14.43",
        "esbuild-linux-arm": "0.14.43",
        "esbuild-linux-arm64": "0.14.43",
        "esbuild-linux-mips64le": "0.14.43",
        "esbuild-linux-ppc64le": "0.14.43",
        "esbuild-linux-riscv64": "0.14.43",
        "esbuild-linux-s390x": "0.14.43",
        "esbuild-netbsd-64": "0.14.43",
        "esbuild-openbsd-64": "0.14.43",
        "esbuild-sunos-64": "0.14.43",
        "esbuild-windows-32": "0.14.43",
        "esbuild-windows-64": "0.14.43",
        "esbuild-windows-arm64": "0.14.43"
      }
    },
    "esbuild-darwin-64": {
      "version": "0.14.43",
      "resolved": "https://registry.npmjs.org/esbuild-darwin-64/-/esbuild-darwin-64-0.14.43.tgz",
      "integrity": "sha512-/3PSilx011ttoieRGkSZ0XV8zjBf2C9enV4ScMMbCT4dpx0mFhMOpFnCHkOK0pWGB8LklykFyHrWk2z6DENVUg==",
      "dev": true,
      "optional": true
    },
    "js-tokens": {
      "version": "4.0.0",
      "resolved": "https://registry.npmjs.org/js-tokens/-/js-tokens-4.0.0.tgz",
      "integrity": "sha512-RdJUflcE3cUzKiMqQgsCu06FPu9UdIJO0beYbPhHN4k6apgJtifcoCtT9bcxOpYBtpD2kCM6Sbzg4CausW/PKQ=="
    },
    "loose-envify": {
      "version": "1.4.0",
      "resolved": "https://registry.npmjs.org/loose-envify/-/loose-envify-1.4.0.tgz",
      "integrity": "sha512-lyuxPGr/Wfhrlem2CL/UcnUc1zcqKAImBDzukY7Y5F/yQiNdko6+fRLevlw1HgMySw7f611UIY408EtxRSoK3Q==",
      "requires": {
        "js-tokens": "^3.0.0 || ^4.0.0"
      }
    },
    "re-resizable": {
      "version": "6.9.9",
      "resolved": "https://registry.npmjs.org/re-resizable/-/re-resizable-6.9.9.tgz",
      "integrity": "sha512-l+MBlKZffv/SicxDySKEEh42hR6m5bAHfNu3Tvxks2c4Ah+ldnWjfnVRwxo/nxF27SsUsxDS0raAzFuJNKABXA==",
      "requires": {}
    },
    "react": {
      "version": "18.1.0",
      "resolved": "https://registry.npmjs.org/react/-/react-18.1.0.tgz",
      "integrity": "sha512-4oL8ivCz5ZEPyclFQXaNksK3adutVS8l2xzZU0cqEFrE9Sb7fC0EFK5uEk74wIreL1DERyjvsU915j1pcT2uEQ==",
      "requires": {
        "loose-envify": "^1.1.0"
      }
    },
    "react-dom": {
      "version": "18.1.0",
      "resolved": "https://registry.npmjs.org/react-dom/-/react-dom-18.1.0.tgz",
      "integrity": "sha512-fU1Txz7Budmvamp7bshe4Zi32d0ll7ect+ccxNu9FlObT605GOEB8BfO4tmRJ39R5Zj831VCpvQ05QPBW5yb+w==",
      "requires": {
        "loose-envify": "^1.1.0",
        "scheduler": "^0.22.0"
      }
    },
    "react-resize-observer": {
      "version": "1.1.1",
      "resolved": "https://registry.npmjs.org/react-resize-observer/-/react-resize-observer-1.1.1.tgz",
      "integrity": "sha512-3R+90Hou90Mr3wJYc+unsySC8Pn91V4nmjO32NKvUvjphRUbq9HisyLg7bDyGBE7xlMrrM6Fax7iNQaFdc/FYA==",
      "requires": {}
    },
    "scheduler": {
      "version": "0.22.0",
      "resolved": "https://registry.npmjs.org/scheduler/-/scheduler-0.22.0.tgz",
      "integrity": "sha512-6QAm1BgQI88NPYymgGQLCZgvep4FyePDWFpXVK+zNSUgHwlqpJy8VEh8Et0KxTACS4VWwMousBElAZOH9nkkoQ==",
      "requires": {
        "loose-envify": "^1.1.0"
      }
    },
    "typescript": {
      "version": "4.7.3",
      "resolved": "https://registry.npmjs.org/typescript/-/typescript-4.7.3.tgz",
      "integrity": "sha512-WOkT3XYvrpXx4vMMqlD+8R8R37fZkjyLGlxavMc4iB8lrl8L0DeTcHbYgw/v0N/z9wAFsgBhcsF0ruoySS22mA==",
      "dev": true
    },
    "xterm": {
      "version": "4.18.0",
      "resolved": "https://registry.npmjs.org/xterm/-/xterm-4.18.0.tgz",
      "integrity": "sha512-JQoc1S0dti6SQfI0bK1AZvGnAxH4MVw45ZPFSO6FHTInAiau3Ix77fSxNx3mX4eh9OL4AYa8+4C8f5UvnSfppQ=="
    },
    "xterm-addon-fit": {
      "version": "0.5.0",
      "resolved": "https://registry.npmjs.org/xterm-addon-fit/-/xterm-addon-fit-0.5.0.tgz",
      "integrity": "sha512-DsS9fqhXHacEmsPxBJZvfj2la30Iz9xk+UKjhQgnYNkrUIN5CYLbw7WEfz117c7+S86S/tpHPfvNxJsF5/G8wQ==",
      "requires": {}
    }
  }
}
